// !$*UTF8*$!
{
	archiveVersion = 1;
	classes = {
	};
	objectVersion = 45;
	objects = {

/* Begin PBXBuildFile section */
		1D3623260D0F684500981E51 /* ECardManAppDelegate.m in Sources */ = {isa = PBXBuildFile; fileRef = 1D3623250D0F684500981E51 /* ECardManAppDelegate.m */; };
		1D60589B0D05DD56006BFB54 /* main.m in Sources */ = {isa = PBXBuildFile; fileRef = 29B97316FDCFA39411CA2CEA /* main.m */; };
		1D60589F0D05DD5A006BFB54 /* Foundation.framework in Frameworks */ = {isa = PBXBuildFile; fileRef = 1D30AB110D05D00D00671497 /* Foundation.framework */; };
		1DF5F4E00D08C38300B7A737 /* UIKit.framework in Frameworks */ = {isa = PBXBuildFile; fileRef = 1DF5F4DF0D08C38300B7A737 /* UIKit.framework */; };
		288765A50DF7441C002DB57D /* CoreGraphics.framework in Frameworks */ = {isa = PBXBuildFile; fileRef = 288765A40DF7441C002DB57D /* CoreGraphics.framework */; };
		2899E5220DE3E06400AC0155 /* ECardManViewController.xib in Resources */ = {isa = PBXBuildFile; fileRef = 2899E5210DE3E06400AC0155 /* ECardManViewController.xib */; };
		28AD733F0D9D9553002E5188 /* MainWindow.xib in Resources */ = {isa = PBXBuildFile; fileRef = 28AD733E0D9D9553002E5188 /* MainWindow.xib */; };
		28D7ACF80DDB3853001CB0EB /* ECardManViewController.m in Sources */ = {isa = PBXBuildFile; fileRef = 28D7ACF70DDB3853001CB0EB /* ECardManViewController.m */; };
		434659AE144E2CCB00185EFF /* QuartzCore.framework in Frameworks */ = {isa = PBXBuildFile; fileRef = 434659AD144E2CCB00185EFF /* QuartzCore.framework */; };
		434659FD144E3FA300185EFF /* bg.png in Resources */ = {isa = PBXBuildFile; fileRef = 434659EE144E3FA300185EFF /* bg.png */; };
		434659FE144E3FA300185EFF /* button2_press.png in Resources */ = {isa = PBXBuildFile; fileRef = 434659EF144E3FA300185EFF /* button2_press.png */; };
		434659FF144E3FA300185EFF /* button2.png in Resources */ = {isa = PBXBuildFile; fileRef = 434659F0144E3FA300185EFF /* button2.png */; };
		43465A00144E3FA300185EFF /* choose_yourself.png in Resources */ = {isa = PBXBuildFile; fileRef = 434659F1144E3FA300185EFF /* choose_yourself.png */; };
		43465A01144E3FA300185EFF /* email_friend.png in Resources */ = {isa = PBXBuildFile; fileRef = 434659F2144E3FA300185EFF /* email_friend.png */; };
		43465A02144E3FA300185EFF /* how_to_play.png in Resources */ = {isa = PBXBuildFile; fileRef = 434659F3144E3FA300185EFF /* how_to_play.png */; };
		43465A03144E3FA300185EFF /* libstick_bg.png in Resources */ = {isa = PBXBuildFile; fileRef = 434659F4144E3FA300185EFF /* libstick_bg.png */; };
		43465A04144E3FA300185EFF /* next_airrow.png in Resources */ = {isa = PBXBuildFile; fileRef = 434659F5144E3FA300185EFF /* next_airrow.png */; };
		43465A05144E3FA300185EFF /* personalize_text.png in Resources */ = {isa = PBXBuildFile; fileRef = 434659F6144E3FA300185EFF /* personalize_text.png */; };
		43465A06144E3FA300185EFF /* prev_airrow.png in Resources */ = {isa = PBXBuildFile; fileRef = 434659F7144E3FA300185EFF /* prev_airrow.png */; };
		43465A07144E3FA300185EFF /* select_theme_title.png in Resources */ = {isa = PBXBuildFile; fileRef = 434659F8144E3FA300185EFF /* select_theme_title.png */; };
		43465A08144E3FA300185EFF /* start_home.png in Resources */ = {isa = PBXBuildFile; fileRef = 434659F9144E3FA300185EFF /* start_home.png */; };
		43465A09144E3FA300185EFF /* thankyou.png in Resources */ = {isa = PBXBuildFile; fileRef = 434659FA144E3FA300185EFF /* thankyou.png */; };
		43465A0A144E3FA300185EFF /* theme_1.png in Resources */ = {isa = PBXBuildFile; fileRef = 434659FB144E3FA300185EFF /* theme_1.png */; };
		43465A0B144E3FA300185EFF /* title.png in Resources */ = {isa = PBXBuildFile; fileRef = 434659FC144E3FA300185EFF /* title.png */; };
		43465A16144E44A000185EFF /* before_after_text.png in Resources */ = {isa = PBXBuildFile; fileRef = 43465A15144E44A000185EFF /* before_after_text.png */; };
		43465A94144E596A00185EFF /* icon.png in Resources */ = {isa = PBXBuildFile; fileRef = 43465A93144E596A00185EFF /* icon.png */; };
		43BC671A144E09C6000FEC6E /* choose_yourself_default.png in Resources */ = {isa = PBXBuildFile; fileRef = 43BC6719144E09C6000FEC6E /* choose_yourself_default.png */; };
		43C6007114421EFF001E16D7 /* ViewHowToPlay.m in Sources */ = {isa = PBXBuildFile; fileRef = 43C6006F14421EFF001E16D7 /* ViewHowToPlay.m */; };
		43C6007214421EFF001E16D7 /* ViewHowToPlay.xib in Resources */ = {isa = PBXBuildFile; fileRef = 43C6007014421EFF001E16D7 /* ViewHowToPlay.xib */; };
		43C6008A14423459001E16D7 /* ViewChooseYourself.m in Sources */ = {isa = PBXBuildFile; fileRef = 43C6008814423459001E16D7 /* ViewChooseYourself.m */; };
		43C6008B14423459001E16D7 /* ViewChooseYourself.xib in Resources */ = {isa = PBXBuildFile; fileRef = 43C6008914423459001E16D7 /* ViewChooseYourself.xib */; };
		43C600DA14423ECF001E16D7 /* ViewBeforeAfter.m in Sources */ = {isa = PBXBuildFile; fileRef = 43C600D814423ECF001E16D7 /* ViewBeforeAfter.m */; };
		43C600DB14423ECF001E16D7 /* ViewBeforeAfter.xib in Resources */ = {isa = PBXBuildFile; fileRef = 43C600D914423ECF001E16D7 /* ViewBeforeAfter.xib */; };
		43C600ED144242DE001E16D7 /* ViewSelectTheme.m in Sources */ = {isa = PBXBuildFile; fileRef = 43C600EB144242DE001E16D7 /* ViewSelectTheme.m */; };
		43C600EE144242DE001E16D7 /* ViewSelectTheme.xib in Resources */ = {isa = PBXBuildFile; fileRef = 43C600EC144242DE001E16D7 /* ViewSelectTheme.xib */; };
		43C600FD14424A27001E16D7 /* ViewPersonalize.m in Sources */ = {isa = PBXBuildFile; fileRef = 43C600FB14424A27001E16D7 /* ViewPersonalize.m */; };
		43C600FE14424A27001E16D7 /* ViewPersonalize.xib in Resources */ = {isa = PBXBuildFile; fileRef = 43C600FC14424A27001E16D7 /* ViewPersonalize.xib */; };
		43C6010314424A5E001E16D7 /* ViewEmailFriend.m in Sources */ = {isa = PBXBuildFile; fileRef = 43C6010114424A5E001E16D7 /* ViewEmailFriend.m */; };
		43C6010414424A5E001E16D7 /* ViewEmailFriend.xib in Resources */ = {isa = PBXBuildFile; fileRef = 43C6010214424A5E001E16D7 /* ViewEmailFriend.xib */; };
		43C6010914424A93001E16D7 /* ViewSend.m in Sources */ = {isa = PBXBuildFile; fileRef = 43C6010714424A93001E16D7 /* ViewSend.m */; };
		43C6010A14424A93001E16D7 /* ViewSend.xib in Resources */ = {isa = PBXBuildFile; fileRef = 43C6010814424A93001E16D7 /* ViewSend.xib */; };
		43C6010F14424AD6001E16D7 /* ViewThankYou.m in Sources */ = {isa = PBXBuildFile; fileRef = 43C6010D14424AD6001E16D7 /* ViewThankYou.m */; };
		43C6011014424AD6001E16D7 /* ViewThankYou.xib in Resources */ = {isa = PBXBuildFile; fileRef = 43C6010E14424AD6001E16D7 /* ViewThankYou.xib */; };
		521145911448DB8B005548B7 /* ViewTheme.m in Sources */ = {isa = PBXBuildFile; fileRef = 5211458F1448DB8B005548B7 /* ViewTheme.m */; };
		521145921448DB8B005548B7 /* ViewTheme.xib in Resources */ = {isa = PBXBuildFile; fileRef = 521145901448DB8B005548B7 /* ViewTheme.xib */; };
		5228CFF01465AA7B00E58093 /* ViewSelectColor.m in Sources */ = {isa = PBXBuildFile; fileRef = 5228CFEE1465AA7B00E58093 /* ViewSelectColor.m */; };
		5228CFF11465AA7B00E58093 /* ViewSelectColor.xib in Resources */ = {isa = PBXBuildFile; fileRef = 5228CFEF1465AA7B00E58093 /* ViewSelectColor.xib */; };
		523AF7CB1449F5F500C8F76C /* ViewSetting.m in Sources */ = {isa = PBXBuildFile; fileRef = 523AF7C91449F5F400C8F76C /* ViewSetting.m */; };
		523AF7CC1449F5F500C8F76C /* ViewSetting.xib in Resources */ = {isa = PBXBuildFile; fileRef = 523AF7CA1449F5F500C8F76C /* ViewSetting.xib */; };
		5280DC19147278FD002C5616 /* 01-1.png in Resources */ = {isa = PBXBuildFile; fileRef = 5280DBF1147278FD002C5616 /* 01-1.png */; };
		5280DC1A147278FD002C5616 /* 01-2.png in Resources */ = {isa = PBXBuildFile; fileRef = 5280DBF2147278FD002C5616 /* 01-2.png */; };
		5280DC1B147278FD002C5616 /* 01-3.png in Resources */ = {isa = PBXBuildFile; fileRef = 5280DBF3147278FD002C5616 /* 01-3.png */; };
		5280DC1C147278FD002C5616 /* 01-4.png in Resources */ = {isa = PBXBuildFile; fileRef = 5280DBF4147278FD002C5616 /* 01-4.png */; };
		5280DC1D147278FD002C5616 /* 03-1.png in Resources */ = {isa = PBXBuildFile; fileRef = 5280DBF5147278FD002C5616 /* 03-1.png */; };
		5280DC1E147278FD002C5616 /* 03-2.png in Resources */ = {isa = PBXBuildFile; fileRef = 5280DBF6147278FD002C5616 /* 03-2.png */; };
		5280DC1F147278FD002C5616 /* 03-3.png in Resources */ = {isa = PBXBuildFile; fileRef = 5280DBF7147278FD002C5616 /* 03-3.png */; };
		5280DC20147278FD002C5616 /* 03-4.png in Resources */ = {isa = PBXBuildFile; fileRef = 5280DBF8147278FD002C5616 /* 03-4.png */; };
		5280DC21147278FD002C5616 /* 05-1.png in Resources */ = {isa = PBXBuildFile; fileRef = 5280DBF9147278FD002C5616 /* 05-1.png */; };
		5280DC22147278FD002C5616 /* 05-2.png in Resources */ = {isa = PBXBuildFile; fileRef = 5280DBFA147278FD002C5616 /* 05-2.png */; };
		5280DC23147278FD002C5616 /* 05-3.png in Resources */ = {isa = PBXBuildFile; fileRef = 5280DBFB147278FD002C5616 /* 05-3.png */; };
		5280DC24147278FD002C5616 /* 05-4.png in Resources */ = {isa = PBXBuildFile; fileRef = 5280DBFC147278FD002C5616 /* 05-4.png */; };
		5280DC25147278FD002C5616 /* 07-1.png in Resources */ = {isa = PBXBuildFile; fileRef = 5280DBFD147278FD002C5616 /* 07-1.png */; };
		5280DC26147278FD002C5616 /* 07-2.png in Resources */ = {isa = PBXBuildFile; fileRef = 5280DBFE147278FD002C5616 /* 07-2.png */; };
		5280DC27147278FD002C5616 /* 07-3.png in Resources */ = {isa = PBXBuildFile; fileRef = 5280DBFF147278FD002C5616 /* 07-3.png */; };
		5280DC28147278FD002C5616 /* 07-4.png in Resources */ = {isa = PBXBuildFile; fileRef = 5280DC00147278FD002C5616 /* 07-4.png */; };
		5280DC29147278FD002C5616 /* 08-1.png in Resources */ = {isa = PBXBuildFile; fileRef = 5280DC01147278FD002C5616 /* 08-1.png */; };
		5280DC2A147278FD002C5616 /* 08-2.png in Resources */ = {isa = PBXBuildFile; fileRef = 5280DC02147278FD002C5616 /* 08-2.png */; };
		5280DC2B147278FD002C5616 /* 08-3.png in Resources */ = {isa = PBXBuildFile; fileRef = 5280DC03147278FD002C5616 /* 08-3.png */; };
		5280DC2C147278FD002C5616 /* 08-4.png in Resources */ = {isa = PBXBuildFile; fileRef = 5280DC04147278FD002C5616 /* 08-4.png */; };
		5280DC2D147278FD002C5616 /* 09-1.png in Resources */ = {isa = PBXBuildFile; fileRef = 5280DC05147278FD002C5616 /* 09-1.png */; };
		5280DC2E147278FD002C5616 /* 09-2.png in Resources */ = {isa = PBXBuildFile; fileRef = 5280DC06147278FD002C5616 /* 09-2.png */; };
		5280DC2F147278FD002C5616 /* 09-3.png in Resources */ = {isa = PBXBuildFile; fileRef = 5280DC07147278FD002C5616 /* 09-3.png */; };
		5280DC30147278FD002C5616 /* 09-4.png in Resources */ = {isa = PBXBuildFile; fileRef = 5280DC08147278FD002C5616 /* 09-4.png */; };
		5280DC31147278FD002C5616 /* 10-1.png in Resources */ = {isa = PBXBuildFile; fileRef = 5280DC09147278FD002C5616 /* 10-1.png */; };
		5280DC32147278FD002C5616 /* 10-2.png in Resources */ = {isa = PBXBuildFile; fileRef = 5280DC0A147278FD002C5616 /* 10-2.png */; };
		5280DC33147278FD002C5616 /* 10-3.png in Resources */ = {isa = PBXBuildFile; fileRef = 5280DC0B147278FD002C5616 /* 10-3.png */; };
		5280DC34147278FD002C5616 /* 10-4.png in Resources */ = {isa = PBXBuildFile; fileRef = 5280DC0C147278FD002C5616 /* 10-4.png */; };
		5280DC35147278FD002C5616 /* 11-1.png in Resources */ = {isa = PBXBuildFile; fileRef = 5280DC0D147278FD002C5616 /* 11-1.png */; };
		5280DC36147278FD002C5616 /* 11-2.png in Resources */ = {isa = PBXBuildFile; fileRef = 5280DC0E147278FD002C5616 /* 11-2.png */; };
		5280DC37147278FD002C5616 /* 11-3.png in Resources */ = {isa = PBXBuildFile; fileRef = 5280DC0F147278FD002C5616 /* 11-3.png */; };
		5280DC38147278FD002C5616 /* 11-4.png in Resources */ = {isa = PBXBuildFile; fileRef = 5280DC10147278FD002C5616 /* 11-4.png */; };
		5280DC39147278FD002C5616 /* 13-1.png in Resources */ = {isa = PBXBuildFile; fileRef = 5280DC11147278FD002C5616 /* 13-1.png */; };
		5280DC3A147278FD002C5616 /* 13-2.png in Resources */ = {isa = PBXBuildFile; fileRef = 5280DC12147278FD002C5616 /* 13-2.png */; };
		5280DC3B147278FD002C5616 /* 13-3.png in Resources */ = {isa = PBXBuildFile; fileRef = 5280DC13147278FD002C5616 /* 13-3.png */; };
		5280DC3C147278FD002C5616 /* 13-4.png in Resources */ = {isa = PBXBuildFile; fileRef = 5280DC14147278FD002C5616 /* 13-4.png */; };
		5280DC3D147278FD002C5616 /* 14-1.png in Resources */ = {isa = PBXBuildFile; fileRef = 5280DC15147278FD002C5616 /* 14-1.png */; };
		5280DC3E147278FD002C5616 /* 14-2.png in Resources */ = {isa = PBXBuildFile; fileRef = 5280DC16147278FD002C5616 /* 14-2.png */; };
		5280DC3F147278FD002C5616 /* 14-3.png in Resources */ = {isa = PBXBuildFile; fileRef = 5280DC17147278FD002C5616 /* 14-3.png */; };
		5280DC40147278FD002C5616 /* 14-4.png in Resources */ = {isa = PBXBuildFile; fileRef = 5280DC18147278FD002C5616 /* 14-4.png */; };
		52D0C0C0144A1AF5007967D4 /* NSObject+JSON.m in Sources */ = {isa = PBXBuildFile; fileRef = 52D0C0AF144A1AF5007967D4 /* NSObject+JSON.m */; };
		52D0C0C1144A1AF5007967D4 /* SBJsonParser.m in Sources */ = {isa = PBXBuildFile; fileRef = 52D0C0B1144A1AF5007967D4 /* SBJsonParser.m */; };
		52D0C0C2144A1AF5007967D4 /* SBJsonStreamParser.m in Sources */ = {isa = PBXBuildFile; fileRef = 52D0C0B3144A1AF5007967D4 /* SBJsonStreamParser.m */; };
		52D0C0C3144A1AF5007967D4 /* SBJsonStreamParserAdapter.m in Sources */ = {isa = PBXBuildFile; fileRef = 52D0C0B5144A1AF5007967D4 /* SBJsonStreamParserAdapter.m */; };
		52D0C0C4144A1AF5007967D4 /* SBJsonStreamParserState.m in Sources */ = {isa = PBXBuildFile; fileRef = 52D0C0B7144A1AF5007967D4 /* SBJsonStreamParserState.m */; };
		52D0C0C5144A1AF5007967D4 /* SBJsonStreamWriter.m in Sources */ = {isa = PBXBuildFile; fileRef = 52D0C0B9144A1AF5007967D4 /* SBJsonStreamWriter.m */; };
		52D0C0C6144A1AF5007967D4 /* SBJsonStreamWriterState.m in Sources */ = {isa = PBXBuildFile; fileRef = 52D0C0BB144A1AF5007967D4 /* SBJsonStreamWriterState.m */; };
		52D0C0C7144A1AF5007967D4 /* SBJsonTokeniser.m in Sources */ = {isa = PBXBuildFile; fileRef = 52D0C0BD144A1AF5007967D4 /* SBJsonTokeniser.m */; };
		52D0C0C8144A1AF5007967D4 /* SBJsonWriter.m in Sources */ = {isa = PBXBuildFile; fileRef = 52D0C0BF144A1AF5007967D4 /* SBJsonWriter.m */; };
		52D0C0D5144A1B2F007967D4 /* AsyncImageView.m in Sources */ = {isa = PBXBuildFile; fileRef = 52D0C0CC144A1B2F007967D4 /* AsyncImageView.m */; };
		52D0C0D6144A1B2F007967D4 /* HttpRequest.m in Sources */ = {isa = PBXBuildFile; fileRef = 52D0C0CE144A1B2F007967D4 /* HttpRequest.m */; };
		52D0C0D7144A1B2F007967D4 /* ImageUtil.m in Sources */ = {isa = PBXBuildFile; fileRef = 52D0C0D0144A1B2F007967D4 /* ImageUtil.m */; };
		52D0C0D8144A1B2F007967D4 /* NSDictionary+Merge.m in Sources */ = {isa = PBXBuildFile; fileRef = 52D0C0D2144A1B2F007967D4 /* NSDictionary+Merge.m */; };
		52D0C0D9144A1B2F007967D4 /* TimeUtil.m in Sources */ = {isa = PBXBuildFile; fileRef = 52D0C0D4144A1B2F007967D4 /* TimeUtil.m */; };
		52FB5E0714663CA500E6C572 /* lip_01.png in Resources */ = {isa = PBXBuildFile; fileRef = 52FB5DFD14663CA500E6C572 /* lip_01.png */; };
		52FB5E0814663CA500E6C572 /* lip_03.png in Resources */ = {isa = PBXBuildFile; fileRef = 52FB5DFE14663CA500E6C572 /* lip_03.png */; };
		52FB5E0914663CA500E6C572 /* lip_05.png in Resources */ = {isa = PBXBuildFile; fileRef = 52FB5DFF14663CA500E6C572 /* lip_05.png */; };
		52FB5E0A14663CA500E6C572 /* lip_07.png in Resources */ = {isa = PBXBuildFile; fileRef = 52FB5E0014663CA500E6C572 /* lip_07.png */; };
		52FB5E0B14663CA500E6C572 /* lip_08.png in Resources */ = {isa = PBXBuildFile; fileRef = 52FB5E0114663CA500E6C572 /* lip_08.png */; };
		52FB5E0C14663CA500E6C572 /* lip_09.png in Resources */ = {isa = PBXBuildFile; fileRef = 52FB5E0214663CA500E6C572 /* lip_09.png */; };
		52FB5E0D14663CA500E6C572 /* lip_10.png in Resources */ = {isa = PBXBuildFile; fileRef = 52FB5E0314663CA500E6C572 /* lip_10.png */; };
		52FB5E0E14663CA500E6C572 /* lip_11.png in Resources */ = {isa = PBXBuildFile; fileRef = 52FB5E0414663CA500E6C572 /* lip_11.png */; };
		52FB5E0F14663CA500E6C572 /* lip_13.png in Resources */ = {isa = PBXBuildFile; fileRef = 52FB5E0514663CA500E6C572 /* lip_13.png */; };
		52FB5E1014663CA500E6C572 /* lip_14.png in Resources */ = {isa = PBXBuildFile; fileRef = 52FB5E0614663CA500E6C572 /* lip_14.png */; };
		52FB5E141466438200E6C572 /* ScrollViewPass.m in Sources */ = {isa = PBXBuildFile; fileRef = 52FB5E131466438200E6C572 /* ScrollViewPass.m */; };
/* End PBXBuildFile section */

/* Begin PBXFileReference section */
		1D30AB110D05D00D00671497 /* Foundation.framework */ = {isa = PBXFileReference; lastKnownFileType = wrapper.framework; name = Foundation.framework; path = System/Library/Frameworks/Foundation.framework; sourceTree = SDKROOT; };
		1D3623240D0F684500981E51 /* ECardManAppDelegate.h */ = {isa = PBXFileReference; fileEncoding = 4; lastKnownFileType = sourcecode.c.h; path = ECardManAppDelegate.h; sourceTree = "<group>"; };
		1D3623250D0F684500981E51 /* ECardManAppDelegate.m */ = {isa = PBXFileReference; fileEncoding = 4; lastKnownFileType = sourcecode.c.objc; path = ECardManAppDelegate.m; sourceTree = "<group>"; };
		1D6058910D05DD3D006BFB54 /* ECardMan.app */ = {isa = PBXFileReference; explicitFileType = wrapper.application; includeInIndex = 0; path = ECardMan.app; sourceTree = BUILT_PRODUCTS_DIR; };
		1DF5F4DF0D08C38300B7A737 /* UIKit.framework */ = {isa = PBXFileReference; lastKnownFileType = wrapper.framework; name = UIKit.framework; path = System/Library/Frameworks/UIKit.framework; sourceTree = SDKROOT; };
		288765A40DF7441C002DB57D /* CoreGraphics.framework */ = {isa = PBXFileReference; lastKnownFileType = wrapper.framework; name = CoreGraphics.framework; path = System/Library/Frameworks/CoreGraphics.framework; sourceTree = SDKROOT; };
		2899E5210DE3E06400AC0155 /* ECardManViewController.xib */ = {isa = PBXFileReference; lastKnownFileType = file.xib; path = ECardManViewController.xib; sourceTree = "<group>"; };
		28AD733E0D9D9553002E5188 /* MainWindow.xib */ = {isa = PBXFileReference; lastKnownFileType = file.xib; path = MainWindow.xib; sourceTree = "<group>"; };
		28D7ACF60DDB3853001CB0EB /* ECardManViewController.h */ = {isa = PBXFileReference; fileEncoding = 4; lastKnownFileType = sourcecode.c.h; path = ECardManViewController.h; sourceTree = "<group>"; };
		28D7ACF70DDB3853001CB0EB /* ECardManViewController.m */ = {isa = PBXFileReference; fileEncoding = 4; lastKnownFileType = sourcecode.c.objc; path = ECardManViewController.m; sourceTree = "<group>"; };
		29B97316FDCFA39411CA2CEA /* main.m */ = {isa = PBXFileReference; fileEncoding = 4; lastKnownFileType = sourcecode.c.objc; path = main.m; sourceTree = "<group>"; };
		32CA4F630368D1EE00C91783 /* ECardMan_Prefix.pch */ = {isa = PBXFileReference; fileEncoding = 4; lastKnownFileType = sourcecode.c.h; path = ECardMan_Prefix.pch; sourceTree = "<group>"; };
		434659AD144E2CCB00185EFF /* QuartzCore.framework */ = {isa = PBXFileReference; lastKnownFileType = wrapper.framework; name = QuartzCore.framework; path = System/Library/Frameworks/QuartzCore.framework; sourceTree = SDKROOT; };
		434659EE144E3FA300185EFF /* bg.png */ = {isa = PBXFileReference; lastKnownFileType = image.png; path = bg.png; sourceTree = "<group>"; };
		434659EF144E3FA300185EFF /* button2_press.png */ = {isa = PBXFileReference; lastKnownFileType = image.png; path = button2_press.png; sourceTree = "<group>"; };
		434659F0144E3FA300185EFF /* button2.png */ = {isa = PBXFileReference; lastKnownFileType = image.png; path = button2.png; sourceTree = "<group>"; };
		434659F1144E3FA300185EFF /* choose_yourself.png */ = {isa = PBXFileReference; lastKnownFileType = image.png; path = choose_yourself.png; sourceTree = "<group>"; };
		434659F2144E3FA300185EFF /* email_friend.png */ = {isa = PBXFileReference; lastKnownFileType = image.png; path = email_friend.png; sourceTree = "<group>"; };
		434659F3144E3FA300185EFF /* how_to_play.png */ = {isa = PBXFileReference; lastKnownFileType = image.png; path = how_to_play.png; sourceTree = "<group>"; };
		434659F4144E3FA300185EFF /* libstick_bg.png */ = {isa = PBXFileReference; lastKnownFileType = image.png; path = libstick_bg.png; sourceTree = "<group>"; };
		434659F5144E3FA300185EFF /* next_airrow.png */ = {isa = PBXFileReference; lastKnownFileType = image.png; path = next_airrow.png; sourceTree = "<group>"; };
		434659F6144E3FA300185EFF /* personalize_text.png */ = {isa = PBXFileReference; lastKnownFileType = image.png; path = personalize_text.png; sourceTree = "<group>"; };
		434659F7144E3FA300185EFF /* prev_airrow.png */ = {isa = PBXFileReference; lastKnownFileType = image.png; path = prev_airrow.png; sourceTree = "<group>"; };
		434659F8144E3FA300185EFF /* select_theme_title.png */ = {isa = PBXFileReference; lastKnownFileType = image.png; path = select_theme_title.png; sourceTree = "<group>"; };
		434659F9144E3FA300185EFF /* start_home.png */ = {isa = PBXFileReference; lastKnownFileType = image.png; path = start_home.png; sourceTree = "<group>"; };
		434659FA144E3FA300185EFF /* thankyou.png */ = {isa = PBXFileReference; lastKnownFileType = image.png; path = thankyou.png; sourceTree = "<group>"; };
		434659FB144E3FA300185EFF /* theme_1.png */ = {isa = PBXFileReference; lastKnownFileType = image.png; path = theme_1.png; sourceTree = "<group>"; };
		434659FC144E3FA300185EFF /* title.png */ = {isa = PBXFileReference; lastKnownFileType = image.png; path = title.png; sourceTree = "<group>"; };
		43465A15144E44A000185EFF /* before_after_text.png */ = {isa = PBXFileReference; lastKnownFileType = image.png; path = before_after_text.png; sourceTree = "<group>"; };
		43465A93144E596A00185EFF /* icon.png */ = {isa = PBXFileReference; lastKnownFileType = image.png; path = icon.png; sourceTree = "<group>"; };
		43BC6719144E09C6000FEC6E /* choose_yourself_default.png */ = {isa = PBXFileReference; lastKnownFileType = image.png; path = choose_yourself_default.png; sourceTree = "<group>"; };
		43C6006E14421EFF001E16D7 /* ViewHowToPlay.h */ = {isa = PBXFileReference; fileEncoding = 4; lastKnownFileType = sourcecode.c.h; path = ViewHowToPlay.h; sourceTree = "<group>"; };
		43C6006F14421EFF001E16D7 /* ViewHowToPlay.m */ = {isa = PBXFileReference; fileEncoding = 4; lastKnownFileType = sourcecode.c.objc; path = ViewHowToPlay.m; sourceTree = "<group>"; };
		43C6007014421EFF001E16D7 /* ViewHowToPlay.xib */ = {isa = PBXFileReference; lastKnownFileType = file.xib; path = ViewHowToPlay.xib; sourceTree = "<group>"; };
		43C6008714423459001E16D7 /* ViewChooseYourself.h */ = {isa = PBXFileReference; fileEncoding = 4; lastKnownFileType = sourcecode.c.h; path = ViewChooseYourself.h; sourceTree = "<group>"; };
		43C6008814423459001E16D7 /* ViewChooseYourself.m */ = {isa = PBXFileReference; fileEncoding = 4; lastKnownFileType = sourcecode.c.objc; path = ViewChooseYourself.m; sourceTree = "<group>"; };
		43C6008914423459001E16D7 /* ViewChooseYourself.xib */ = {isa = PBXFileReference; lastKnownFileType = file.xib; path = ViewChooseYourself.xib; sourceTree = "<group>"; };
		43C600D714423ECF001E16D7 /* ViewBeforeAfter.h */ = {isa = PBXFileReference; fileEncoding = 4; lastKnownFileType = sourcecode.c.h; path = ViewBeforeAfter.h; sourceTree = "<group>"; };
		43C600D814423ECF001E16D7 /* ViewBeforeAfter.m */ = {isa = PBXFileReference; fileEncoding = 4; lastKnownFileType = sourcecode.c.objc; path = ViewBeforeAfter.m; sourceTree = "<group>"; };
		43C600D914423ECF001E16D7 /* ViewBeforeAfter.xib */ = {isa = PBXFileReference; lastKnownFileType = file.xib; path = ViewBeforeAfter.xib; sourceTree = "<group>"; };
		43C600EA144242DE001E16D7 /* ViewSelectTheme.h */ = {isa = PBXFileReference; fileEncoding = 4; lastKnownFileType = sourcecode.c.h; path = ViewSelectTheme.h; sourceTree = "<group>"; };
		43C600EB144242DE001E16D7 /* ViewSelectTheme.m */ = {isa = PBXFileReference; fileEncoding = 4; lastKnownFileType = sourcecode.c.objc; path = ViewSelectTheme.m; sourceTree = "<group>"; };
		43C600EC144242DE001E16D7 /* ViewSelectTheme.xib */ = {isa = PBXFileReference; lastKnownFileType = file.xib; path = ViewSelectTheme.xib; sourceTree = "<group>"; };
		43C600FA14424A27001E16D7 /* ViewPersonalize.h */ = {isa = PBXFileReference; fileEncoding = 4; lastKnownFileType = sourcecode.c.h; path = ViewPersonalize.h; sourceTree = "<group>"; };
		43C600FB14424A27001E16D7 /* ViewPersonalize.m */ = {isa = PBXFileReference; fileEncoding = 4; lastKnownFileType = sourcecode.c.objc; path = ViewPersonalize.m; sourceTree = "<group>"; };
		43C600FC14424A27001E16D7 /* ViewPersonalize.xib */ = {isa = PBXFileReference; lastKnownFileType = file.xib; path = ViewPersonalize.xib; sourceTree = "<group>"; };
		43C6010014424A5E001E16D7 /* ViewEmailFriend.h */ = {isa = PBXFileReference; fileEncoding = 4; lastKnownFileType = sourcecode.c.h; path = ViewEmailFriend.h; sourceTree = "<group>"; };
		43C6010114424A5E001E16D7 /* ViewEmailFriend.m */ = {isa = PBXFileReference; fileEncoding = 4; lastKnownFileType = sourcecode.c.objc; path = ViewEmailFriend.m; sourceTree = "<group>"; };
		43C6010214424A5E001E16D7 /* ViewEmailFriend.xib */ = {isa = PBXFileReference; lastKnownFileType = file.xib; path = ViewEmailFriend.xib; sourceTree = "<group>"; };
		43C6010614424A93001E16D7 /* ViewSend.h */ = {isa = PBXFileReference; fileEncoding = 4; lastKnownFileType = sourcecode.c.h; path = ViewSend.h; sourceTree = "<group>"; };
		43C6010714424A93001E16D7 /* ViewSend.m */ = {isa = PBXFileReference; fileEncoding = 4; lastKnownFileType = sourcecode.c.objc; path = ViewSend.m; sourceTree = "<group>"; };
		43C6010814424A93001E16D7 /* ViewSend.xib */ = {isa = PBXFileReference; lastKnownFileType = file.xib; path = ViewSend.xib; sourceTree = "<group>"; };
		43C6010C14424AD6001E16D7 /* ViewThankYou.h */ = {isa = PBXFileReference; fileEncoding = 4; lastKnownFileType = sourcecode.c.h; path = ViewThankYou.h; sourceTree = "<group>"; };
		43C6010D14424AD6001E16D7 /* ViewThankYou.m */ = {isa = PBXFileReference; fileEncoding = 4; lastKnownFileType = sourcecode.c.objc; path = ViewThankYou.m; sourceTree = "<group>"; };
		43C6010E14424AD6001E16D7 /* ViewThankYou.xib */ = {isa = PBXFileReference; lastKnownFileType = file.xib; path = ViewThankYou.xib; sourceTree = "<group>"; };
		5211458E1448DB8B005548B7 /* ViewTheme.h */ = {isa = PBXFileReference; fileEncoding = 4; lastKnownFileType = sourcecode.c.h; path = ViewTheme.h; sourceTree = "<group>"; };
		5211458F1448DB8B005548B7 /* ViewTheme.m */ = {isa = PBXFileReference; fileEncoding = 4; lastKnownFileType = sourcecode.c.objc; path = ViewTheme.m; sourceTree = "<group>"; };
		521145901448DB8B005548B7 /* ViewTheme.xib */ = {isa = PBXFileReference; fileEncoding = 4; lastKnownFileType = file.xib; path = ViewTheme.xib; sourceTree = "<group>"; };
		5228CFED1465AA7B00E58093 /* ViewSelectColor.h */ = {isa = PBXFileReference; fileEncoding = 4; lastKnownFileType = sourcecode.c.h; path = ViewSelectColor.h; sourceTree = "<group>"; };
		5228CFEE1465AA7B00E58093 /* ViewSelectColor.m */ = {isa = PBXFileReference; fileEncoding = 4; lastKnownFileType = sourcecode.c.objc; path = ViewSelectColor.m; sourceTree = "<group>"; };
		5228CFEF1465AA7B00E58093 /* ViewSelectColor.xib */ = {isa = PBXFileReference; fileEncoding = 4; lastKnownFileType = file.xib; path = ViewSelectColor.xib; sourceTree = "<group>"; };
		523AF7C81449F5F300C8F76C /* ViewSetting.h */ = {isa = PBXFileReference; fileEncoding = 4; lastKnownFileType = sourcecode.c.h; path = ViewSetting.h; sourceTree = "<group>"; };
		523AF7C91449F5F400C8F76C /* ViewSetting.m */ = {isa = PBXFileReference; fileEncoding = 4; lastKnownFileType = sourcecode.c.objc; path = ViewSetting.m; sourceTree = "<group>"; };
		523AF7CA1449F5F500C8F76C /* ViewSetting.xib */ = {isa = PBXFileReference; fileEncoding = 4; lastKnownFileType = file.xib; path = ViewSetting.xib; sourceTree = "<group>"; };
		5280DBF1147278FD002C5616 /* 01-1.png */ = {isa = PBXFileReference; lastKnownFileType = image.png; path = "01-1.png"; sourceTree = "<group>"; };
		5280DBF2147278FD002C5616 /* 01-2.png */ = {isa = PBXFileReference; lastKnownFileType = image.png; path = "01-2.png"; sourceTree = "<group>"; };
		5280DBF3147278FD002C5616 /* 01-3.png */ = {isa = PBXFileReference; lastKnownFileType = image.png; path = "01-3.png"; sourceTree = "<group>"; };
		5280DBF4147278FD002C5616 /* 01-4.png */ = {isa = PBXFileReference; lastKnownFileType = image.png; path = "01-4.png"; sourceTree = "<group>"; };
		5280DBF5147278FD002C5616 /* 03-1.png */ = {isa = PBXFileReference; lastKnownFileType = image.png; path = "03-1.png"; sourceTree = "<group>"; };
		5280DBF6147278FD002C5616 /* 03-2.png */ = {isa = PBXFileReference; lastKnownFileType = image.png; path = "03-2.png"; sourceTree = "<group>"; };
		5280DBF7147278FD002C5616 /* 03-3.png */ = {isa = PBXFileReference; lastKnownFileType = image.png; path = "03-3.png"; sourceTree = "<group>"; };
		5280DBF8147278FD002C5616 /* 03-4.png */ = {isa = PBXFileReference; lastKnownFileType = image.png; path = "03-4.png"; sourceTree = "<group>"; };
		5280DBF9147278FD002C5616 /* 05-1.png */ = {isa = PBXFileReference; lastKnownFileType = image.png; path = "05-1.png"; sourceTree = "<group>"; };
		5280DBFA147278FD002C5616 /* 05-2.png */ = {isa = PBXFileReference; lastKnownFileType = image.png; path = "05-2.png"; sourceTree = "<group>"; };
		5280DBFB147278FD002C5616 /* 05-3.png */ = {isa = PBXFileReference; lastKnownFileType = image.png; path = "05-3.png"; sourceTree = "<group>"; };
		5280DBFC147278FD002C5616 /* 05-4.png */ = {isa = PBXFileReference; lastKnownFileType = image.png; path = "05-4.png"; sourceTree = "<group>"; };
		5280DBFD147278FD002C5616 /* 07-1.png */ = {isa = PBXFileReference; lastKnownFileType = image.png; path = "07-1.png"; sourceTree = "<group>"; };
		5280DBFE147278FD002C5616 /* 07-2.png */ = {isa = PBXFileReference; lastKnownFileType = image.png; path = "07-2.png"; sourceTree = "<group>"; };
		5280DBFF147278FD002C5616 /* 07-3.png */ = {isa = PBXFileReference; lastKnownFileType = image.png; path = "07-3.png"; sourceTree = "<group>"; };
		5280DC00147278FD002C5616 /* 07-4.png */ = {isa = PBXFileReference; lastKnownFileType = image.png; path = "07-4.png"; sourceTree = "<group>"; };
		5280DC01147278FD002C5616 /* 08-1.png */ = {isa = PBXFileReference; lastKnownFileType = image.png; path = "08-1.png"; sourceTree = "<group>"; };
		5280DC02147278FD002C5616 /* 08-2.png */ = {isa = PBXFileReference; lastKnownFileType = image.png; path = "08-2.png"; sourceTree = "<group>"; };
		5280DC03147278FD002C5616 /* 08-3.png */ = {isa = PBXFileReference; lastKnownFileType = image.png; path = "08-3.png"; sourceTree = "<group>"; };
		5280DC04147278FD002C5616 /* 08-4.png */ = {isa = PBXFileReference; lastKnownFileType = image.png; path = "08-4.png"; sourceTree = "<group>"; };
		5280DC05147278FD002C5616 /* 09-1.png */ = {isa = PBXFileReference; lastKnownFileType = image.png; path = "09-1.png"; sourceTree = "<group>"; };
		5280DC06147278FD002C5616 /* 09-2.png */ = {isa = PBXFileReference; lastKnownFileType = image.png; path = "09-2.png"; sourceTree = "<group>"; };
		5280DC07147278FD002C5616 /* 09-3.png */ = {isa = PBXFileReference; lastKnownFileType = image.png; path = "09-3.png"; sourceTree = "<group>"; };
		5280DC08147278FD002C5616 /* 09-4.png */ = {isa = PBXFileReference; lastKnownFileType = image.png; path = "09-4.png"; sourceTree = "<group>"; };
		5280DC09147278FD002C5616 /* 10-1.png */ = {isa = PBXFileReference; lastKnownFileType = image.png; path = "10-1.png"; sourceTree = "<group>"; };
		5280DC0A147278FD002C5616 /* 10-2.png */ = {isa = PBXFileReference; lastKnownFileType = image.png; path = "10-2.png"; sourceTree = "<group>"; };
		5280DC0B147278FD002C5616 /* 10-3.png */ = {isa = PBXFileReference; lastKnownFileType = image.png; path = "10-3.png"; sourceTree = "<group>"; };
		5280DC0C147278FD002C5616 /* 10-4.png */ = {isa = PBXFileReference; lastKnownFileType = image.png; path = "10-4.png"; sourceTree = "<group>"; };
		5280DC0D147278FD002C5616 /* 11-1.png */ = {isa = PBXFileReference; lastKnownFileType = image.png; path = "11-1.png"; sourceTree = "<group>"; };
		5280DC0E147278FD002C5616 /* 11-2.png */ = {isa = PBXFileReference; lastKnownFileType = image.png; path = "11-2.png"; sourceTree = "<group>"; };
		5280DC0F147278FD002C5616 /* 11-3.png */ = {isa = PBXFileReference; lastKnownFileType = image.png; path = "11-3.png"; sourceTree = "<group>"; };
		5280DC10147278FD002C5616 /* 11-4.png */ = {isa = PBXFileReference; lastKnownFileType = image.png; path = "11-4.png"; sourceTree = "<group>"; };
		5280DC11147278FD002C5616 /* 13-1.png */ = {isa = PBXFileReference; lastKnownFileType = image.png; path = "13-1.png"; sourceTree = "<group>"; };
		5280DC12147278FD002C5616 /* 13-2.png */ = {isa = PBXFileReference; lastKnownFileType = image.png; path = "13-2.png"; sourceTree = "<group>"; };
		5280DC13147278FD002C5616 /* 13-3.png */ = {isa = PBXFileReference; lastKnownFileType = image.png; path = "13-3.png"; sourceTree = "<group>"; };
		5280DC14147278FD002C5616 /* 13-4.png */ = {isa = PBXFileReference; lastKnownFileType = image.png; path = "13-4.png"; sourceTree = "<group>"; };
		5280DC15147278FD002C5616 /* 14-1.png */ = {isa = PBXFileReference; lastKnownFileType = image.png; path = "14-1.png"; sourceTree = "<group>"; };
		5280DC16147278FD002C5616 /* 14-2.png */ = {isa = PBXFileReference; lastKnownFileType = image.png; path = "14-2.png"; sourceTree = "<group>"; };
		5280DC17147278FD002C5616 /* 14-3.png */ = {isa = PBXFileReference; lastKnownFileType = image.png; path = "14-3.png"; sourceTree = "<group>"; };
		5280DC18147278FD002C5616 /* 14-4.png */ = {isa = PBXFileReference; lastKnownFileType = image.png; path = "14-4.png"; sourceTree = "<group>"; };
		52D0C0AD144A1AF5007967D4 /* JSON.h */ = {isa = PBXFileReference; fileEncoding = 4; lastKnownFileType = sourcecode.c.h; path = JSON.h; sourceTree = "<group>"; };
		52D0C0AE144A1AF5007967D4 /* NSObject+JSON.h */ = {isa = PBXFileReference; fileEncoding = 4; lastKnownFileType = sourcecode.c.h; path = "NSObject+JSON.h"; sourceTree = "<group>"; };
		52D0C0AF144A1AF5007967D4 /* NSObject+JSON.m */ = {isa = PBXFileReference; fileEncoding = 4; lastKnownFileType = sourcecode.c.objc; path = "NSObject+JSON.m"; sourceTree = "<group>"; };
		52D0C0B0144A1AF5007967D4 /* SBJsonParser.h */ = {isa = PBXFileReference; fileEncoding = 4; lastKnownFileType = sourcecode.c.h; path = SBJsonParser.h; sourceTree = "<group>"; };
		52D0C0B1144A1AF5007967D4 /* SBJsonParser.m */ = {isa = PBXFileReference; fileEncoding = 4; lastKnownFileType = sourcecode.c.objc; path = SBJsonParser.m; sourceTree = "<group>"; };
		52D0C0B2144A1AF5007967D4 /* SBJsonStreamParser.h */ = {isa = PBXFileReference; fileEncoding = 4; lastKnownFileType = sourcecode.c.h; path = SBJsonStreamParser.h; sourceTree = "<group>"; };
		52D0C0B3144A1AF5007967D4 /* SBJsonStreamParser.m */ = {isa = PBXFileReference; fileEncoding = 4; lastKnownFileType = sourcecode.c.objc; path = SBJsonStreamParser.m; sourceTree = "<group>"; };
		52D0C0B4144A1AF5007967D4 /* SBJsonStreamParserAdapter.h */ = {isa = PBXFileReference; fileEncoding = 4; lastKnownFileType = sourcecode.c.h; path = SBJsonStreamParserAdapter.h; sourceTree = "<group>"; };
		52D0C0B5144A1AF5007967D4 /* SBJsonStreamParserAdapter.m */ = {isa = PBXFileReference; fileEncoding = 4; lastKnownFileType = sourcecode.c.objc; path = SBJsonStreamParserAdapter.m; sourceTree = "<group>"; };
		52D0C0B6144A1AF5007967D4 /* SBJsonStreamParserState.h */ = {isa = PBXFileReference; fileEncoding = 4; lastKnownFileType = sourcecode.c.h; path = SBJsonStreamParserState.h; sourceTree = "<group>"; };
		52D0C0B7144A1AF5007967D4 /* SBJsonStreamParserState.m */ = {isa = PBXFileReference; fileEncoding = 4; lastKnownFileType = sourcecode.c.objc; path = SBJsonStreamParserState.m; sourceTree = "<group>"; };
		52D0C0B8144A1AF5007967D4 /* SBJsonStreamWriter.h */ = {isa = PBXFileReference; fileEncoding = 4; lastKnownFileType = sourcecode.c.h; path = SBJsonStreamWriter.h; sourceTree = "<group>"; };
		52D0C0B9144A1AF5007967D4 /* SBJsonStreamWriter.m */ = {isa = PBXFileReference; fileEncoding = 4; lastKnownFileType = sourcecode.c.objc; path = SBJsonStreamWriter.m; sourceTree = "<group>"; };
		52D0C0BA144A1AF5007967D4 /* SBJsonStreamWriterState.h */ = {isa = PBXFileReference; fileEncoding = 4; lastKnownFileType = sourcecode.c.h; path = SBJsonStreamWriterState.h; sourceTree = "<group>"; };
		52D0C0BB144A1AF5007967D4 /* SBJsonStreamWriterState.m */ = {isa = PBXFileReference; fileEncoding = 4; lastKnownFileType = sourcecode.c.objc; path = SBJsonStreamWriterState.m; sourceTree = "<group>"; };
		52D0C0BC144A1AF5007967D4 /* SBJsonTokeniser.h */ = {isa = PBXFileReference; fileEncoding = 4; lastKnownFileType = sourcecode.c.h; path = SBJsonTokeniser.h; sourceTree = "<group>"; };
		52D0C0BD144A1AF5007967D4 /* SBJsonTokeniser.m */ = {isa = PBXFileReference; fileEncoding = 4; lastKnownFileType = sourcecode.c.objc; path = SBJsonTokeniser.m; sourceTree = "<group>"; };
		52D0C0BE144A1AF5007967D4 /* SBJsonWriter.h */ = {isa = PBXFileReference; fileEncoding = 4; lastKnownFileType = sourcecode.c.h; path = SBJsonWriter.h; sourceTree = "<group>"; };
		52D0C0BF144A1AF5007967D4 /* SBJsonWriter.m */ = {isa = PBXFileReference; fileEncoding = 4; lastKnownFileType = sourcecode.c.objc; path = SBJsonWriter.m; sourceTree = "<group>"; };
		52D0C0CB144A1B2F007967D4 /* AsyncImageView.h */ = {isa = PBXFileReference; fileEncoding = 4; lastKnownFileType = sourcecode.c.h; path = AsyncImageView.h; sourceTree = "<group>"; };
		52D0C0CC144A1B2F007967D4 /* AsyncImageView.m */ = {isa = PBXFileReference; fileEncoding = 4; lastKnownFileType = sourcecode.c.objc; path = AsyncImageView.m; sourceTree = "<group>"; };
		52D0C0CD144A1B2F007967D4 /* HttpRequest.h */ = {isa = PBXFileReference; fileEncoding = 4; lastKnownFileType = sourcecode.c.h; path = HttpRequest.h; sourceTree = "<group>"; };
		52D0C0CE144A1B2F007967D4 /* HttpRequest.m */ = {isa = PBXFileReference; fileEncoding = 4; lastKnownFileType = sourcecode.c.objc; path = HttpRequest.m; sourceTree = "<group>"; };
		52D0C0CF144A1B2F007967D4 /* ImageUtil.h */ = {isa = PBXFileReference; fileEncoding = 4; lastKnownFileType = sourcecode.c.h; path = ImageUtil.h; sourceTree = "<group>"; };
		52D0C0D0144A1B2F007967D4 /* ImageUtil.m */ = {isa = PBXFileReference; fileEncoding = 4; lastKnownFileType = sourcecode.c.objc; path = ImageUtil.m; sourceTree = "<group>"; };
		52D0C0D1144A1B2F007967D4 /* NSDictionary+Merge.h */ = {isa = PBXFileReference; fileEncoding = 4; lastKnownFileType = sourcecode.c.h; path = "NSDictionary+Merge.h"; sourceTree = "<group>"; };
		52D0C0D2144A1B2F007967D4 /* NSDictionary+Merge.m */ = {isa = PBXFileReference; fileEncoding = 4; lastKnownFileType = sourcecode.c.objc; path = "NSDictionary+Merge.m"; sourceTree = "<group>"; };
		52D0C0D3144A1B2F007967D4 /* TimeUtil.h */ = {isa = PBXFileReference; fileEncoding = 4; lastKnownFileType = sourcecode.c.h; path = TimeUtil.h; sourceTree = "<group>"; };
		52D0C0D4144A1B2F007967D4 /* TimeUtil.m */ = {isa = PBXFileReference; fileEncoding = 4; lastKnownFileType = sourcecode.c.objc; path = TimeUtil.m; sourceTree = "<group>"; };
		52FB5DFD14663CA500E6C572 /* lip_01.png */ = {isa = PBXFileReference; lastKnownFileType = image.png; path = lip_01.png; sourceTree = "<group>"; };
		52FB5DFE14663CA500E6C572 /* lip_03.png */ = {isa = PBXFileReference; lastKnownFileType = image.png; path = lip_03.png; sourceTree = "<group>"; };
		52FB5DFF14663CA500E6C572 /* lip_05.png */ = {isa = PBXFileReference; lastKnownFileType = image.png; path = lip_05.png; sourceTree = "<group>"; };
		52FB5E0014663CA500E6C572 /* lip_07.png */ = {isa = PBXFileReference; lastKnownFileType = image.png; path = lip_07.png; sourceTree = "<group>"; };
		52FB5E0114663CA500E6C572 /* lip_08.png */ = {isa = PBXFileReference; lastKnownFileType = image.png; path = lip_08.png; sourceTree = "<group>"; };
		52FB5E0214663CA500E6C572 /* lip_09.png */ = {isa = PBXFileReference; lastKnownFileType = image.png; path = lip_09.png; sourceTree = "<group>"; };
		52FB5E0314663CA500E6C572 /* lip_10.png */ = {isa = PBXFileReference; lastKnownFileType = image.png; path = lip_10.png; sourceTree = "<group>"; };
		52FB5E0414663CA500E6C572 /* lip_11.png */ = {isa = PBXFileReference; lastKnownFileType = image.png; path = lip_11.png; sourceTree = "<group>"; };
		52FB5E0514663CA500E6C572 /* lip_13.png */ = {isa = PBXFileReference; lastKnownFileType = image.png; path = lip_13.png; sourceTree = "<group>"; };
		52FB5E0614663CA500E6C572 /* lip_14.png */ = {isa = PBXFileReference; lastKnownFileType = image.png; path = lip_14.png; sourceTree = "<group>"; };
		52FB5E121466438200E6C572 /* ScrollViewPass.h */ = {isa = PBXFileReference; fileEncoding = 4; lastKnownFileType = sourcecode.c.h; path = ScrollViewPass.h; sourceTree = "<group>"; };
		52FB5E131466438200E6C572 /* ScrollViewPass.m */ = {isa = PBXFileReference; fileEncoding = 4; lastKnownFileType = sourcecode.c.objc; path = ScrollViewPass.m; sourceTree = "<group>"; };
		8D1107310486CEB800E47090 /* ECardMan-Info.plist */ = {isa = PBXFileReference; fileEncoding = 4; lastKnownFileType = text.plist.xml; path = "ECardMan-Info.plist"; plistStructureDefinitionIdentifier = "com.apple.xcode.plist.structure-definition.iphone.info-plist"; sourceTree = "<group>"; };
/* End PBXFileReference section */

/* Begin PBXFrameworksBuildPhase section */
		1D60588F0D05DD3D006BFB54 /* Frameworks */ = {
			isa = PBXFrameworksBuildPhase;
			buildActionMask = 2147483647;
			files = (
				1D60589F0D05DD5A006BFB54 /* Foundation.framework in Frameworks */,
				1DF5F4E00D08C38300B7A737 /* UIKit.framework in Frameworks */,
				288765A50DF7441C002DB57D /* CoreGraphics.framework in Frameworks */,
				434659AE144E2CCB00185EFF /* QuartzCore.framework in Frameworks */,
			);
			runOnlyForDeploymentPostprocessing = 0;
		};
/* End PBXFrameworksBuildPhase section */

/* Begin PBXGroup section */
		080E96DDFE201D6D7F000001 /* Classes */ = {
			isa = PBXGroup;
			children = (
				1D3623240D0F684500981E51 /* ECardManAppDelegate.h */,
				1D3623250D0F684500981E51 /* ECardManAppDelegate.m */,
				28D7ACF60DDB3853001CB0EB /* ECardManViewController.h */,
				28D7ACF70DDB3853001CB0EB /* ECardManViewController.m */,
				43C6006E14421EFF001E16D7 /* ViewHowToPlay.h */,
				43C6006F14421EFF001E16D7 /* ViewHowToPlay.m */,
				43C6007014421EFF001E16D7 /* ViewHowToPlay.xib */,
				43C6008714423459001E16D7 /* ViewChooseYourself.h */,
				43C6008814423459001E16D7 /* ViewChooseYourself.m */,
				43C6008914423459001E16D7 /* ViewChooseYourself.xib */,
				43C600D714423ECF001E16D7 /* ViewBeforeAfter.h */,
				43C600D814423ECF001E16D7 /* ViewBeforeAfter.m */,
				43C600D914423ECF001E16D7 /* ViewBeforeAfter.xib */,
				5228CFED1465AA7B00E58093 /* ViewSelectColor.h */,
				5228CFEE1465AA7B00E58093 /* ViewSelectColor.m */,
				5228CFEF1465AA7B00E58093 /* ViewSelectColor.xib */,
				43C600EA144242DE001E16D7 /* ViewSelectTheme.h */,
				43C600EB144242DE001E16D7 /* ViewSelectTheme.m */,
				43C600EC144242DE001E16D7 /* ViewSelectTheme.xib */,
				5211458E1448DB8B005548B7 /* ViewTheme.h */,
				5211458F1448DB8B005548B7 /* ViewTheme.m */,
				521145901448DB8B005548B7 /* ViewTheme.xib */,
				43C600FA14424A27001E16D7 /* ViewPersonalize.h */,
				43C600FB14424A27001E16D7 /* ViewPersonalize.m */,
				43C600FC14424A27001E16D7 /* ViewPersonalize.xib */,
				43C6010014424A5E001E16D7 /* ViewEmailFriend.h */,
				43C6010114424A5E001E16D7 /* ViewEmailFriend.m */,
				43C6010214424A5E001E16D7 /* ViewEmailFriend.xib */,
				43C6010614424A93001E16D7 /* ViewSend.h */,
				43C6010714424A93001E16D7 /* ViewSend.m */,
				43C6010814424A93001E16D7 /* ViewSend.xib */,
				43C6010C14424AD6001E16D7 /* ViewThankYou.h */,
				43C6010D14424AD6001E16D7 /* ViewThankYou.m */,
				43C6010E14424AD6001E16D7 /* ViewThankYou.xib */,
				523AF7C81449F5F300C8F76C /* ViewSetting.h */,
				523AF7C91449F5F400C8F76C /* ViewSetting.m */,
				523AF7CA1449F5F500C8F76C /* ViewSetting.xib */,
			);
			path = Classes;
			sourceTree = "<group>";
		};
		19C28FACFE9D520D11CA2CBB /* Products */ = {
			isa = PBXGroup;
			children = (
				1D6058910D05DD3D006BFB54 /* ECardMan.app */,
			);
			name = Products;
			sourceTree = "<group>";
		};
		29B97314FDCFA39411CA2CEA /* CustomTemplate */ = {
			isa = PBXGroup;
			children = (
				43BC6718144E09C6000FEC6E /* images */,
				52D0C0CA144A1B2F007967D4 /* util */,
				52D0C0AC144A1AF5007967D4 /* json */,
				080E96DDFE201D6D7F000001 /* Classes */,
				29B97315FDCFA39411CA2CEA /* Other Sources */,
				29B97317FDCFA39411CA2CEA /* Resources */,
				29B97323FDCFA39411CA2CEA /* Frameworks */,
				19C28FACFE9D520D11CA2CBB /* Products */,
			);
			name = CustomTemplate;
			sourceTree = "<group>";
		};
		29B97315FDCFA39411CA2CEA /* Other Sources */ = {
			isa = PBXGroup;
			children = (
				32CA4F630368D1EE00C91783 /* ECardMan_Prefix.pch */,
				29B97316FDCFA39411CA2CEA /* main.m */,
			);
			name = "Other Sources";
			sourceTree = "<group>";
		};
		29B97317FDCFA39411CA2CEA /* Resources */ = {
			isa = PBXGroup;
			children = (
				2899E5210DE3E06400AC0155 /* ECardManViewController.xib */,
				28AD733E0D9D9553002E5188 /* MainWindow.xib */,
				8D1107310486CEB800E47090 /* ECardMan-Info.plist */,
			);
			name = Resources;
			sourceTree = "<group>";
		};
		29B97323FDCFA39411CA2CEA /* Frameworks */ = {
			isa = PBXGroup;
			children = (
				1DF5F4DF0D08C38300B7A737 /* UIKit.framework */,
				1D30AB110D05D00D00671497 /* Foundation.framework */,
				288765A40DF7441C002DB57D /* CoreGraphics.framework */,
				434659AD144E2CCB00185EFF /* QuartzCore.framework */,
			);
			name = Frameworks;
			sourceTree = "<group>";
		};
		43BC6718144E09C6000FEC6E /* images */ = {
			isa = PBXGroup;
			children = (
				5280DBF0147278FD002C5616 /* theme */,
				52FB5DFC14663CA500E6C572 /* lip */,
				43465A93144E596A00185EFF /* icon.png */,
				43BC6719144E09C6000FEC6E /* choose_yourself_default.png */,
				434659EE144E3FA300185EFF /* bg.png */,
				434659EF144E3FA300185EFF /* button2_press.png */,
				434659F0144E3FA300185EFF /* button2.png */,
				434659F1144E3FA300185EFF /* choose_yourself.png */,
				434659F2144E3FA300185EFF /* email_friend.png */,
				434659F3144E3FA300185EFF /* how_to_play.png */,
				434659F4144E3FA300185EFF /* libstick_bg.png */,
				434659F5144E3FA300185EFF /* next_airrow.png */,
				434659F6144E3FA300185EFF /* personalize_text.png */,
				434659F7144E3FA300185EFF /* prev_airrow.png */,
				434659F8144E3FA300185EFF /* select_theme_title.png */,
				434659F9144E3FA300185EFF /* start_home.png */,
				434659FA144E3FA300185EFF /* thankyou.png */,
				434659FB144E3FA300185EFF /* theme_1.png */,
				434659FC144E3FA300185EFF /* title.png */,
				43465A15144E44A000185EFF /* before_after_text.png */,
			);
			path = images;
			sourceTree = "<group>";
		};
		5280DBF0147278FD002C5616 /* theme */ = {
			isa = PBXGroup;
			children = (
				5280DBF1147278FD002C5616 /* 01-1.png */,
				5280DBF2147278FD002C5616 /* 01-2.png */,
				5280DBF3147278FD002C5616 /* 01-3.png */,
				5280DBF4147278FD002C5616 /* 01-4.png */,
				5280DBF5147278FD002C5616 /* 03-1.png */,
				5280DBF6147278FD002C5616 /* 03-2.png */,
				5280DBF7147278FD002C5616 /* 03-3.png */,
				5280DBF8147278FD002C5616 /* 03-4.png */,
				5280DBF9147278FD002C5616 /* 05-1.png */,
				5280DBFA147278FD002C5616 /* 05-2.png */,
				5280DBFB147278FD002C5616 /* 05-3.png */,
				5280DBFC147278FD002C5616 /* 05-4.png */,
				5280DBFD147278FD002C5616 /* 07-1.png */,
				5280DBFE147278FD002C5616 /* 07-2.png */,
				5280DBFF147278FD002C5616 /* 07-3.png */,
				5280DC00147278FD002C5616 /* 07-4.png */,
				5280DC01147278FD002C5616 /* 08-1.png */,
				5280DC02147278FD002C5616 /* 08-2.png */,
				5280DC03147278FD002C5616 /* 08-3.png */,
				5280DC04147278FD002C5616 /* 08-4.png */,
				5280DC05147278FD002C5616 /* 09-1.png */,
				5280DC06147278FD002C5616 /* 09-2.png */,
				5280DC07147278FD002C5616 /* 09-3.png */,
				5280DC08147278FD002C5616 /* 09-4.png */,
				5280DC09147278FD002C5616 /* 10-1.png */,
				5280DC0A147278FD002C5616 /* 10-2.png */,
				5280DC0B147278FD002C5616 /* 10-3.png */,
				5280DC0C147278FD002C5616 /* 10-4.png */,
				5280DC0D147278FD002C5616 /* 11-1.png */,
				5280DC0E147278FD002C5616 /* 11-2.png */,
				5280DC0F147278FD002C5616 /* 11-3.png */,
				5280DC10147278FD002C5616 /* 11-4.png */,
				5280DC11147278FD002C5616 /* 13-1.png */,
				5280DC12147278FD002C5616 /* 13-2.png */,
				5280DC13147278FD002C5616 /* 13-3.png */,
				5280DC14147278FD002C5616 /* 13-4.png */,
				5280DC15147278FD002C5616 /* 14-1.png */,
				5280DC16147278FD002C5616 /* 14-2.png */,
				5280DC17147278FD002C5616 /* 14-3.png */,
				5280DC18147278FD002C5616 /* 14-4.png */,
			);
			path = theme;
			sourceTree = "<group>";
		};
		52D0C0AC144A1AF5007967D4 /* json */ = {
			isa = PBXGroup;
			children = (
				52D0C0AD144A1AF5007967D4 /* JSON.h */,
				52D0C0AE144A1AF5007967D4 /* NSObject+JSON.h */,
				52D0C0AF144A1AF5007967D4 /* NSObject+JSON.m */,
				52D0C0B0144A1AF5007967D4 /* SBJsonParser.h */,
				52D0C0B1144A1AF5007967D4 /* SBJsonParser.m */,
				52D0C0B2144A1AF5007967D4 /* SBJsonStreamParser.h */,
				52D0C0B3144A1AF5007967D4 /* SBJsonStreamParser.m */,
				52D0C0B4144A1AF5007967D4 /* SBJsonStreamParserAdapter.h */,
				52D0C0B5144A1AF5007967D4 /* SBJsonStreamParserAdapter.m */,
				52D0C0B6144A1AF5007967D4 /* SBJsonStreamParserState.h */,
				52D0C0B7144A1AF5007967D4 /* SBJsonStreamParserState.m */,
				52D0C0B8144A1AF5007967D4 /* SBJsonStreamWriter.h */,
				52D0C0B9144A1AF5007967D4 /* SBJsonStreamWriter.m */,
				52D0C0BA144A1AF5007967D4 /* SBJsonStreamWriterState.h */,
				52D0C0BB144A1AF5007967D4 /* SBJsonStreamWriterState.m */,
				52D0C0BC144A1AF5007967D4 /* SBJsonTokeniser.h */,
				52D0C0BD144A1AF5007967D4 /* SBJsonTokeniser.m */,
				52D0C0BE144A1AF5007967D4 /* SBJsonWriter.h */,
				52D0C0BF144A1AF5007967D4 /* SBJsonWriter.m */,
			);
			path = json;
			sourceTree = "<group>";
		};
		52D0C0CA144A1B2F007967D4 /* util */ = {
			isa = PBXGroup;
			children = (
				52D0C0CB144A1B2F007967D4 /* AsyncImageView.h */,
				52D0C0CC144A1B2F007967D4 /* AsyncImageView.m */,
				52D0C0CD144A1B2F007967D4 /* HttpRequest.h */,
				52D0C0CE144A1B2F007967D4 /* HttpRequest.m */,
				52D0C0CF144A1B2F007967D4 /* ImageUtil.h */,
				52D0C0D0144A1B2F007967D4 /* ImageUtil.m */,
				52D0C0D1144A1B2F007967D4 /* NSDictionary+Merge.h */,
				52D0C0D2144A1B2F007967D4 /* NSDictionary+Merge.m */,
				52D0C0D3144A1B2F007967D4 /* TimeUtil.h */,
				52D0C0D4144A1B2F007967D4 /* TimeUtil.m */,
				52FB5E121466438200E6C572 /* ScrollViewPass.h */,
				52FB5E131466438200E6C572 /* ScrollViewPass.m */,
			);
			path = util;
			sourceTree = "<group>";
		};
		52FB5DFC14663CA500E6C572 /* lip */ = {
			isa = PBXGroup;
			children = (
				52FB5DFD14663CA500E6C572 /* lip_01.png */,
				52FB5DFE14663CA500E6C572 /* lip_03.png */,
				52FB5DFF14663CA500E6C572 /* lip_05.png */,
				52FB5E0014663CA500E6C572 /* lip_07.png */,
				52FB5E0114663CA500E6C572 /* lip_08.png */,
				52FB5E0214663CA500E6C572 /* lip_09.png */,
				52FB5E0314663CA500E6C572 /* lip_10.png */,
				52FB5E0414663CA500E6C572 /* lip_11.png */,
				52FB5E0514663CA500E6C572 /* lip_13.png */,
				52FB5E0614663CA500E6C572 /* lip_14.png */,
			);
			path = lip;
			sourceTree = "<group>";
		};
/* End PBXGroup section */

/* Begin PBXNativeTarget section */
		1D6058900D05DD3D006BFB54 /* ECardMan */ = {
			isa = PBXNativeTarget;
			buildConfigurationList = 1D6058960D05DD3E006BFB54 /* Build configuration list for PBXNativeTarget "ECardMan" */;
			buildPhases = (
				1D60588D0D05DD3D006BFB54 /* Resources */,
				1D60588E0D05DD3D006BFB54 /* Sources */,
				1D60588F0D05DD3D006BFB54 /* Frameworks */,
			);
			buildRules = (
			);
			dependencies = (
			);
			name = ECardMan;
			productName = ECardMan;
			productReference = 1D6058910D05DD3D006BFB54 /* ECardMan.app */;
			productType = "com.apple.product-type.application";
		};
/* End PBXNativeTarget section */

/* Begin PBXProject section */
		29B97313FDCFA39411CA2CEA /* Project object */ = {
			isa = PBXProject;
			buildConfigurationList = C01FCF4E08A954540054247B /* Build configuration list for PBXProject "ECardMan" */;
			compatibilityVersion = "Xcode 3.1";
			developmentRegion = English;
			hasScannedForEncodings = 1;
			knownRegions = (
				English,
				Japanese,
				French,
				German,
			);
			mainGroup = 29B97314FDCFA39411CA2CEA /* CustomTemplate */;
			projectDirPath = "";
			projectRoot = "";
			targets = (
				1D6058900D05DD3D006BFB54 /* ECardMan */,
			);
		};
/* End PBXProject section */

/* Begin PBXResourcesBuildPhase section */
		1D60588D0D05DD3D006BFB54 /* Resources */ = {
			isa = PBXResourcesBuildPhase;
			buildActionMask = 2147483647;
			files = (
				28AD733F0D9D9553002E5188 /* MainWindow.xib in Resources */,
				2899E5220DE3E06400AC0155 /* ECardManViewController.xib in Resources */,
				43C6007214421EFF001E16D7 /* ViewHowToPlay.xib in Resources */,
				43C6008B14423459001E16D7 /* ViewChooseYourself.xib in Resources */,
				43C600DB14423ECF001E16D7 /* ViewBeforeAfter.xib in Resources */,
				43C600EE144242DE001E16D7 /* ViewSelectTheme.xib in Resources */,
				43C600FE14424A27001E16D7 /* ViewPersonalize.xib in Resources */,
				43C6010414424A5E001E16D7 /* ViewEmailFriend.xib in Resources */,
				43C6010A14424A93001E16D7 /* ViewSend.xib in Resources */,
				43C6011014424AD6001E16D7 /* ViewThankYou.xib in Resources */,
				521145921448DB8B005548B7 /* ViewTheme.xib in Resources */,
				523AF7CC1449F5F500C8F76C /* ViewSetting.xib in Resources */,
				43BC671A144E09C6000FEC6E /* choose_yourself_default.png in Resources */,
				434659FD144E3FA300185EFF /* bg.png in Resources */,
				434659FE144E3FA300185EFF /* button2_press.png in Resources */,
				434659FF144E3FA300185EFF /* button2.png in Resources */,
				43465A00144E3FA300185EFF /* choose_yourself.png in Resources */,
				43465A01144E3FA300185EFF /* email_friend.png in Resources */,
				43465A02144E3FA300185EFF /* how_to_play.png in Resources */,
				43465A03144E3FA300185EFF /* libstick_bg.png in Resources */,
				43465A04144E3FA300185EFF /* next_airrow.png in Resources */,
				43465A05144E3FA300185EFF /* personalize_text.png in Resources */,
				43465A06144E3FA300185EFF /* prev_airrow.png in Resources */,
				43465A07144E3FA300185EFF /* select_theme_title.png in Resources */,
				43465A08144E3FA300185EFF /* start_home.png in Resources */,
				43465A09144E3FA300185EFF /* thankyou.png in Resources */,
				43465A0A144E3FA300185EFF /* theme_1.png in Resources */,
				43465A0B144E3FA300185EFF /* title.png in Resources */,
				43465A16144E44A000185EFF /* before_after_text.png in Resources */,
				43465A94144E596A00185EFF /* icon.png in Resources */,
				5228CFF11465AA7B00E58093 /* ViewSelectColor.xib in Resources */,
				52FB5E0714663CA500E6C572 /* lip_01.png in Resources */,
				52FB5E0814663CA500E6C572 /* lip_03.png in Resources */,
				52FB5E0914663CA500E6C572 /* lip_05.png in Resources */,
				52FB5E0A14663CA500E6C572 /* lip_07.png in Resources */,
				52FB5E0B14663CA500E6C572 /* lip_08.png in Resources */,
				52FB5E0C14663CA500E6C572 /* lip_09.png in Resources */,
				52FB5E0D14663CA500E6C572 /* lip_10.png in Resources */,
				52FB5E0E14663CA500E6C572 /* lip_11.png in Resources */,
				52FB5E0F14663CA500E6C572 /* lip_13.png in Resources */,
				52FB5E1014663CA500E6C572 /* lip_14.png in Resources */,
				5280DC19147278FD002C5616 /* 01-1.png in Resources */,
				5280DC1A147278FD002C5616 /* 01-2.png in Resources */,
				5280DC1B147278FD002C5616 /* 01-3.png in Resources */,
				5280DC1C147278FD002C5616 /* 01-4.png in Resources */,
				5280DC1D147278FD002C5616 /* 03-1.png in Resources */,
				5280DC1E147278FD002C5616 /* 03-2.png in Resources */,
				5280DC1F147278FD002C5616 /* 03-3.png in Resources */,
				5280DC20147278FD002C5616 /* 03-4.png in Resources */,
				5280DC21147278FD002C5616 /* 05-1.png in Resources */,
				5280DC22147278FD002C5616 /* 05-2.png in Resources */,
				5280DC23147278FD002C5616 /* 05-3.png in Resources */,
				5280DC24147278FD002C5616 /* 05-4.png in Resources */,
				5280DC25147278FD002C5616 /* 07-1.png in Resources */,
				5280DC26147278FD002C5616 /* 07-2.png in Resources */,
				5280DC27147278FD002C5616 /* 07-3.png in Resources */,
				5280DC28147278FD002C5616 /* 07-4.png in Resources */,
				5280DC29147278FD002C5616 /* 08-1.png in Resources */,
				5280DC2A147278FD002C5616 /* 08-2.png in Resources */,
				5280DC2B147278FD002C5616 /* 08-3.png in Resources */,
				5280DC2C147278FD002C5616 /* 08-4.png in Resources */,
				5280DC2D147278FD002C5616 /* 09-1.png in Resources */,
				5280DC2E147278FD002C5616 /* 09-2.png in Resources */,
				5280DC2F147278FD002C5616 /* 09-3.png in Resources */,
				5280DC30147278FD002C5616 /* 09-4.png in Resources */,
				5280DC31147278FD002C5616 /* 10-1.png in Resources */,
				5280DC32147278FD002C5616 /* 10-2.png in Resources */,
				5280DC33147278FD002C5616 /* 10-3.png in Resources */,
				5280DC34147278FD002C5616 /* 10-4.png in Resources */,
				5280DC35147278FD002C5616 /* 11-1.png in Resources */,
				5280DC36147278FD002C5616 /* 11-2.png in Resources */,
				5280DC37147278FD002C5616 /* 11-3.png in Resources */,
				5280DC38147278FD002C5616 /* 11-4.png in Resources */,
				5280DC39147278FD002C5616 /* 13-1.png in Resources */,
				5280DC3A147278FD002C5616 /* 13-2.png in Resources */,
				5280DC3B147278FD002C5616 /* 13-3.png in Resources */,
				5280DC3C147278FD002C5616 /* 13-4.png in Resources */,
				5280DC3D147278FD002C5616 /* 14-1.png in Resources */,
				5280DC3E147278FD002C5616 /* 14-2.png in Resources */,
				5280DC3F147278FD002C5616 /* 14-3.png in Resources */,
				5280DC40147278FD002C5616 /* 14-4.png in Resources */,
			);
			runOnlyForDeploymentPostprocessing = 0;
		};
/* End PBXResourcesBuildPhase section */

/* Begin PBXSourcesBuildPhase section */
		1D60588E0D05DD3D006BFB54 /* Sources */ = {
			isa = PBXSourcesBuildPhase;
			buildActionMask = 2147483647;
			files = (
				1D60589B0D05DD56006BFB54 /* main.m in Sources */,
				1D3623260D0F684500981E51 /* ECardManAppDelegate.m in Sources */,
				28D7ACF80DDB3853001CB0EB /* ECardManViewController.m in Sources */,
				43C6007114421EFF001E16D7 /* ViewHowToPlay.m in Sources */,
				43C6008A14423459001E16D7 /* ViewChooseYourself.m in Sources */,
				43C600DA14423ECF001E16D7 /* ViewBeforeAfter.m in Sources */,
				43C600ED144242DE001E16D7 /* ViewSelectTheme.m in Sources */,
				43C600FD14424A27001E16D7 /* ViewPersonalize.m in Sources */,
				43C6010314424A5E001E16D7 /* ViewEmailFriend.m in Sources */,
				43C6010914424A93001E16D7 /* ViewSend.m in Sources */,
				43C6010F14424AD6001E16D7 /* ViewThankYou.m in Sources */,
				521145911448DB8B005548B7 /* ViewTheme.m in Sources */,
				523AF7CB1449F5F500C8F76C /* ViewSetting.m in Sources */,
				52D0C0C0144A1AF5007967D4 /* NSObject+JSON.m in Sources */,
				52D0C0C1144A1AF5007967D4 /* SBJsonParser.m in Sources */,
				52D0C0C2144A1AF5007967D4 /* SBJsonStreamParser.m in Sources */,
				52D0C0C3144A1AF5007967D4 /* SBJsonStreamParserAdapter.m in Sources */,
				52D0C0C4144A1AF5007967D4 /* SBJsonStreamParserState.m in Sources */,
				52D0C0C5144A1AF5007967D4 /* SBJsonStreamWriter.m in Sources */,
				52D0C0C6144A1AF5007967D4 /* SBJsonStreamWriterState.m in Sources */,
				52D0C0C7144A1AF5007967D4 /* SBJsonTokeniser.m in Sources */,
				52D0C0C8144A1AF5007967D4 /* SBJsonWriter.m in Sources */,
				52D0C0D5144A1B2F007967D4 /* AsyncImageView.m in Sources */,
				52D0C0D6144A1B2F007967D4 /* HttpRequest.m in Sources */,
				52D0C0D7144A1B2F007967D4 /* ImageUtil.m in Sources */,
				52D0C0D8144A1B2F007967D4 /* NSDictionary+Merge.m in Sources */,
				52D0C0D9144A1B2F007967D4 /* TimeUtil.m in Sources */,
				5228CFF01465AA7B00E58093 /* ViewSelectColor.m in Sources */,
				52FB5E141466438200E6C572 /* ScrollViewPass.m in Sources */,
			);
			runOnlyForDeploymentPostprocessing = 0;
		};
/* End PBXSourcesBuildPhase section */

/* Begin XCBuildConfiguration section */
		1D6058940D05DD3E006BFB54 /* Debug */ = {
			isa = XCBuildConfiguration;
			buildSettings = {
				ALWAYS_SEARCH_USER_PATHS = NO;
				COPY_PHASE_STRIP = NO;
				GCC_DYNAMIC_NO_PIC = NO;
				GCC_OPTIMIZATION_LEVEL = 0;
				GCC_PRECOMPILE_PREFIX_HEADER = YES;
				GCC_PREFIX_HEADER = ECardMan_Prefix.pch;
				INFOPLIST_FILE = "ECardMan-Info.plist";
				IPHONEOS_DEPLOYMENT_TARGET = 4.0;
				PRODUCT_NAME = ECardMan;
			};
			name = Debug;
		};
		1D6058950D05DD3E006BFB54 /* Release */ = {
			isa = XCBuildConfiguration;
			buildSettings = {
				ALWAYS_SEARCH_USER_PATHS = NO;
				COPY_PHASE_STRIP = YES;
				GCC_PRECOMPILE_PREFIX_HEADER = YES;
				GCC_PREFIX_HEADER = ECardMan_Prefix.pch;
				INFOPLIST_FILE = "ECardMan-Info.plist";
				IPHONEOS_DEPLOYMENT_TARGET = 4.0;
				PRODUCT_NAME = ECardMan;
				VALIDATE_PRODUCT = YES;
			};
			name = Release;
		};
		C01FCF4F08A954540054247B /* Debug */ = {
			isa = XCBuildConfiguration;
			buildSettings = {
				ARCHS = "$(ARCHS_UNIVERSAL_IPHONE_OS)";
				"CODE_SIGN_IDENTITY[sdk=iphoneos*]" = "iPhone Developer";
				GCC_C_LANGUAGE_STANDARD = c99;
				GCC_WARN_ABOUT_RETURN_TYPE = YES;
				GCC_WARN_UNUSED_VARIABLE = YES;
				PREBINDING = NO;
				SDKROOT = iphoneos;
				TARGETED_DEVICE_FAMILY = 2;
			};
			name = Debug;
		};
		C01FCF5008A954540054247B /* Release */ = {
			isa = XCBuildConfiguration;
			buildSettings = {
				ARCHS = "$(ARCHS_UNIVERSAL_IPHONE_OS)";
				"CODE_SIGN_IDENTITY[sdk=iphoneos*]" = "iPhone Developer";
				GCC_C_LANGUAGE_STANDARD = c99;
				GCC_WARN_ABOUT_RETURN_TYPE = YES;
				GCC_WARN_UNUSED_VARIABLE = YES;
				OTHER_CFLAGS = "-DNS_BLOCK_ASSERTIONS=1";
				PREBINDING = NO;
				SDKROOT = iphoneos;
				TARGETED_DEVICE_FAMILY = 2;
			};
			name = Release;
		};
/* End XCBuildConfiguration section */

/* Begin XCConfigurationList section */
		1D6058960D05DD3E006BFB54 /* Build configuration list for PBXNativeTarget "ECardMan" */ = {
			isa = XCConfigurationList;
			buildConfigurations = (
				1D6058940D05DD3E006BFB54 /* Debug */,
				1D6058950D05DD3E006BFB54 /* Release */,
			);
			defaultConfigurationIsVisible = 0;
			defaultConfigurationName = Release;
		};
		C01FCF4E08A954540054247B /* Build configuration list for PBXProject "ECardMan" */ = {
			isa = XCConfigurationList;
			buildConfigurations = (
				C01FCF4F08A954540054247B /* Debug */,
				C01FCF5008A954540054247B /* Release */,
			);
			defaultConfigurationIsVisible = 0;
			defaultConfigurationName = Release;
		};
/* End XCConfigurationList section */
	};
	rootObject = 29B97313FDCFA39411CA2CEA /* Project object */;
}
